PODS:
  - AFNetworking (1.3.4)
  - MagicalRecord (2.2):
    - MagicalRecord/Core
  - MagicalRecord/Core (2.2)
  - MZTimerLabel (0.4.4)
  - PDKeychainBindingsController (0.0.1)

DEPENDENCIES:
  - AFNetworking (~> 1.0)
  - MagicalRecord
  - MZTimerLabel
  - PDKeychainBindingsController

SPEC CHECKSUMS:
  AFNetworking: 80c4e0652b08eb34e25b9c0ff3c82556fe5967b4
  MagicalRecord: 2b471584fc9e3137f3d0a56967917baa4979e224
  MZTimerLabel: e3088c90eb78bdda642651b818ec8ed22e0a8f4d
  PDKeychainBindingsController: 529f006d0707646b2bf0c79d476acdda58a9a587

COCOAPODS: 0.34.2
